
Microsoft Visual Studio Solution File, Format Version 12.00
# Visual Studio Version 17
VisualStudioVersion = 17.1.32319.34
MinimumVisualStudioVersion = 10.0.40219.1
Project("{9A19103F-16F7-4668-BE54-9A1E7A4F7556}") = "Solution.Capture1", "Solution.Capture1\Solution.Capture1.csproj", "{EBF95A2E-B14D-4144-857B-583D97512377}"
EndProject
Project("{9A19103F-16F7-4668-BE54-9A1E7A4F7556}") = "Solution.Capture2", "Solution.Capture2\Solution.Capture2.csproj", "{A5EB610E-61A8-4C91-A5F0-0CD0C32633B3}"
	ProjectSection(ProjectDependencies) = postProject
		{EBF95A2E-B14D-4144-857B-583D97512377} = {EBF95A2E-B14D-4144-857B-583D97512377}
	EndProjectSection
EndProject
Project("{9A19103F-16F7-4668-BE54-9A1E7A4F7556}") = "Solution.Capture3", "Solution.Capture3\Solution.Capture3.csproj", "{9FC175EC-E41C-43C5-A2E1-3ED9384C0DD3}"
	ProjectSection(ProjectDependencies) = postProject
		{A5EB610E-61A8-4C91-A5F0-0CD0C32633B3} = {A5EB610E-61A8-4C91-A5F0-0CD0C32633B3}
		{EBF95A2E-B14D-4144-857B-583D97512377} = {EBF95A2E-B14D-4144-857B-583D97512377}
	EndProjectSection
EndProject
Project("{2150E333-8FDC-42A3-9474-1A3956D46DE8}") = "Solution Items", "Solution Items", "{270BC4A1-7043-40A4-A816-B4B7BFB08860}"
	ProjectSection(SolutionItems) = preProject
		.editorconfig = .editorconfig
	EndProjectSection
EndProject
Project("{9A19103F-16F7-4668-BE54-9A1E7A4F7556}") = "OlolLybrary", "OlolLybrary\OlolLybrary.csproj", "{45EB5662-1002-4B18-8A66-3C5F9D689BA8}"
EndProject
Project("{9A19103F-16F7-4668-BE54-9A1E7A4F7556}") = "Solution.Capture4", "Solution.Capture4\Solution.Capture4.csproj", "{5148E049-8BBF-4964-8408-05E30ED7C9C3}"
EndProject
Project("{9A19103F-16F7-4668-BE54-9A1E7A4F7556}") = "Solution.Capture5", "Solution.Capture5\Solution.Capture5.csproj", "{A0805642-4837-4930-AD63-DF5DCA49F679}"
EndProject
Project("{9A19103F-16F7-4668-BE54-9A1E7A4F7556}") = "Solution.Capture6", "Solution.Capture6\Solution.Capture6.csproj", "{2C2A3656-3101-4186-91E1-04AB6B17012C}"
EndProject
Project("{9A19103F-16F7-4668-BE54-9A1E7A4F7556}") = "Solution.Capture7", "Solution.Capture7\Solution.Capture7.csproj", "{77B6E095-54F4-40B4-80C0-90776DEC3390}"
EndProject
Project("{9A19103F-16F7-4668-BE54-9A1E7A4F7556}") = "Solution.Capture8", "Solution.Capture8\Solution.Capture8.csproj", "{F1D8E495-FA96-48E5-BC32-B2BB871961B2}"
EndProject
Project("{9A19103F-16F7-4668-BE54-9A1E7A4F7556}") = "SiteLibrary", "BankLibrary\SiteLibrary.csproj", "{FA1DAB0B-9411-45DE-913A-36AD4F0BF121}"
EndProject
Project("{9A19103F-16F7-4668-BE54-9A1E7A4F7556}") = "Solution.Capture9", "Solution.Capture9\Solution.Capture9.csproj", "{8BC94E9A-6928-48C1-8900-53E4DF0F3D94}"
EndProject
Project("{9A19103F-16F7-4668-BE54-9A1E7A4F7556}") = "Solution.Capture10", "Solution.Capture10\Solution.Capture10.csproj", "{528F1E8B-5465-45D4-B75F-4AE7640E53F9}"
EndProject
Project("{9A19103F-16F7-4668-BE54-9A1E7A4F7556}") = "Solution.Capture11", "Solution.Capture11\Solution.Capture11.csproj", "{5590B675-0B7E-465E-9E6A-4E1FCD6B8C3A}"
EndProject
Project("{FAE04EC0-301F-11D3-BF4B-00C04F79EFBC}") = "Solution.Capture12", "Solution.Capture12\Solution.Capture12.csproj", "{27B0DA32-B6A2-4C8E-9DC1-C51860542E2C}"
EndProject
Project("{FAE04EC0-301F-11D3-BF4B-00C04F79EFBC}") = "Solution.Capture13(multithreading)", "Solution.Capture13(multithreading)\Solution.Capture13(multithreading).csproj", "{12FC7BDE-C4D1-454F-AC1D-49A98BCEFE78}"
EndProject
Project("{FAE04EC0-301F-11D3-BF4B-00C04F79EFBC}") = "Solution.Capture13(semaphore)", "Solution.Capture13(semaphore)\Solution.Capture13(semaphore).csproj", "{0A8143EB-71A5-4A65-85DB-2B5C2094E991}"
EndProject
Project("{FAE04EC0-301F-11D3-BF4B-00C04F79EFBC}") = "Solution.Capture14(ParallelProgrammingTPL)", "Solution.Capture14(ParallelProgrammingTPL)\Solution.Capture14(ParallelProgrammingTPL).csproj", "{6CF05F04-01EC-4C98-B718-81029D5E3B2C}"
EndProject
Project("{FAE04EC0-301F-11D3-BF4B-00C04F79EFBC}") = "Solution.Capture15(asyncProgramming)", "Solution.Capture15(asyncProgramming)\Solution.Capture15(asyncProgramming).csproj", "{172FFFA2-33B5-4ED4-92A0-1122D977320D}"
EndProject
Project("{FAE04EC0-301F-11D3-BF4B-00C04F79EFBC}") = "Solution.Capture16(LINQ)", "Solution.Capture16(LINQ)\Solution.Capture16(LINQ).csproj", "{EDC9A31D-AEA9-4292-8AAF-7963B189298E}"
EndProject
Project("{2150E333-8FDC-42A3-9474-1A3956D46DE8}") = "Basic.NET", "Basic.NET", "{F10949A6-68C2-4C31-9C42-0E673DB69F45}"
	ProjectSection(SolutionItems) = preProject
		.editorconfig = .editorconfig
	EndProjectSection
EndProject
Project("{9A19103F-16F7-4668-BE54-9A1E7A4F7556}") = "Solution.Capture17(Parallel Linq)", "Solution.Capture17(Parallel Linq)\Solution.Capture17(Parallel Linq).csproj", "{7854BD79-F245-47DE-A620-0B7BB42FA722}"
EndProject
Project("{9A19103F-16F7-4668-BE54-9A1E7A4F7556}") = "Solution.Capture18(Reflection)", "Solution.Capture18(Reflection)\Solution.Capture18(Reflection).csproj", "{30AFD4C4-001C-45E0-A381-5371F13A4F26}"
EndProject
Project("{9A19103F-16F7-4668-BE54-9A1E7A4F7556}") = "Test", "..\..\Test\Test\Test.csproj", "{6024C825-D1BB-4CEF-949E-507EFC13C603}"
EndProject
Project("{9A19103F-16F7-4668-BE54-9A1E7A4F7556}") = "Solution.Capture20(Dinamic_DLR)", "Solution.Capture20(Dinamic_DLR)\Solution.Capture20(Dinamic_DLR).csproj", "{C10E97A8-8B5A-4F30-BD94-40EE7AAB9DA7}"
EndProject
Project("{FAE04EC0-301F-11D3-BF4B-00C04F79EFBC}") = "Solution.Capure19", "Solution.Capure19\Solution.Capure19.csproj", "{259970AA-75CB-4414-B3EC-E6AAECB196AE}"
EndProject
Project("{9A19103F-16F7-4668-BE54-9A1E7A4F7556}") = "Solution.Capture20(IronPython)", "Solutiob.Capture20(IronPython)\Solution.Capture20(IronPython).csproj", "{7933795E-9557-4530-9365-7D31F055BB33}"
EndProject
Project("{FAE04EC0-301F-11D3-BF4B-00C04F79EFBC}") = "Solution.Capture21(GarbageCollection)", "Solution.Capture21(GarbageCollection)\Solution.Capture21(GarbageCollection).csproj", "{795D9972-A885-4A7E-A50C-6CB4E6CA393A}"
EndProject
Project("{FAE04EC0-301F-11D3-BF4B-00C04F79EFBC}") = "Solution.Capture21(Unsafe)", "Solution.Capture21(Unsafe)\Solution.Capture21(Unsafe).csproj", "{F84FB029-72FF-436B-866F-8247B56984FB}"
EndProject
Project("{FAE04EC0-301F-11D3-BF4B-00C04F79EFBC}") = "Solution.Capture22(JobInSystemFiles)", "Solution.Capture22(JobInSystemFiles)\Solution.Capture22(JobInSystemFiles).csproj", "{34D3B732-FAC4-46D3-852C-1F8319C26F4E}"
EndProject
Project("{FAE04EC0-301F-11D3-BF4B-00C04F79EFBC}") = "Solution.Capture22(FileStream)", "Solution.Capture22(FileStream)\Solution.Capture22(FileStream).csproj", "{908CA4D3-7628-4853-9A98-F4C13F2F3743}"
EndProject
Project("{9A19103F-16F7-4668-BE54-9A1E7A4F7556}") = "Solution.Capture23(Json)", "Solution.Capture23(Json)\Solution.Capture23(Json).csproj", "{3E28EA5E-C83E-410A-9540-1AF5A7DA8E28}"
EndProject
Project("{FAE04EC0-301F-11D3-BF4B-00C04F79EFBC}") = "Solution.Capture24(XML)", "Solution.Capture24(XML)\Solution.Capture24(XML).csproj", "{4D3C0814-C315-4829-9D35-10F168992893}"
EndProject
Project("{FAE04EC0-301F-11D3-BF4B-00C04F79EFBC}") = "Solution.Capture25(processDomainsApps)", "Solution.Capture25(processDomainsApps)\Solution.Capture25(processDomainsApps).csproj", "{9B886117-5E8D-404E-AB0A-41C89633AE1C}"
EndProject
Project("{FAE04EC0-301F-11D3-BF4B-00C04F79EFBC}") = "Solution.Capture26(Validation)", "Solution.Capture26(Validation)\Solution.Capture26(Validation).csproj", "{CCA2837D-0DFF-4690-A15F-9B23EA13398B}"
EndProject
Project("{2150E333-8FDC-42A3-9474-1A3956D46DE8}") = "2.Patterns", "2.Patterns", "{93C9509F-B102-4AF3-AB17-8BEAE9C06922}"
EndProject
Project("{2150E333-8FDC-42A3-9474-1A3956D46DE8}") = "BasicWorkWithNETWORK", "BasicWorkWithNETWORK", "{E92C3775-2B30-407A-86B0-C2122A02A47C}"
EndProject
Project("{2150E333-8FDC-42A3-9474-1A3956D46DE8}") = "1.BasicAlgoritmes", "1.BasicAlgoritmes", "{32E60B9C-E6E0-494C-8A9E-EA70037AA170}"
EndProject
Project("{2150E333-8FDC-42A3-9474-1A3956D46DE8}") = "ASP.NET CORE", "ASP.NET CORE", "{A981DBD4-1B90-4B70-816D-5002655CFE44}"
EndProject
Project("{2150E333-8FDC-42A3-9474-1A3956D46DE8}") = "ASP.NET CORE MVS", "ASP.NET CORE MVS", "{47F0E9BF-940D-4501-9B14-7294E3EC91CD}"
EndProject
Project("{2150E333-8FDC-42A3-9474-1A3956D46DE8}") = "ASP.NET CORE Blazor", "ASP.NET CORE Blazor", "{D5B1DA1B-1F61-4A75-BD88-03065EB0BBC2}"
EndProject
Project("{2150E333-8FDC-42A3-9474-1A3956D46DE8}") = "Entity Framework Core Bases", "Entity Framework Core Bases", "{C9EC9275-03DC-423E-915E-196AB66ABFB3}"
EndProject
Project("{2150E333-8FDC-42A3-9474-1A3956D46DE8}") = "MS SQL Server Bases", "MS SQL Server Bases", "{ECC16426-BF5A-4BF5-A711-99DEA77ECA36}"
EndProject
Project("{2150E333-8FDC-42A3-9474-1A3956D46DE8}") = "3.ASP.Net", "3.ASP.Net", "{033657BF-DBF3-43EC-A297-9549C5A962D6}"
EndProject
Project("{2150E333-8FDC-42A3-9474-1A3956D46DE8}") = "4.Bases Data", "4.Bases Data", "{976774FF-6B8D-4AA4-950D-6096F817B9F6}"
EndProject
Project("{9A19103F-16F7-4668-BE54-9A1E7A4F7556}") = "Solution.BaseNetwork(AddressIP.NET)", "Solution.BaseNetwork(AddressIP.NET)\Solution.BaseNetwork(AddressIP.NET).csproj", "{EF9448E7-9610-4164-86A7-DF394D36D86E}"
EndProject
Project("{2150E333-8FDC-42A3-9474-1A3956D46DE8}") = "999-Finally", "999-Finally", "{489C118C-5B3E-4C05-872C-364ADCC3ADA2}"
EndProject
Project("{9A19103F-16F7-4668-BE54-9A1E7A4F7556}") = "Solution.BaseNetwork(WebClient)", "Solution.BaseNetwork(WebClient)\Solution.BaseNetwork(WebClient).csproj", "{6F76EEAF-8A25-4F8F-A309-3CA966260A82}"
EndProject
Project("{9A19103F-16F7-4668-BE54-9A1E7A4F7556}") = "Solution.BaseNetwork(ServerAppsocketTCP)", "Solution.BaseNetwork(ServerAppsocketTCP)\Solution.BaseNetwork(ServerAppsocketTCP).csproj", "{D4C15CDB-F8C8-40B8-921F-8551C3B7DF3A}"
EndProject
Project("{9A19103F-16F7-4668-BE54-9A1E7A4F7556}") = "Solution.BaseNetwork(KlientAppsocketTCP)", "Solution.BaseNetwork(KlientAppsocketTCP)\Solution.BaseNetwork(KlientAppsocketTCP).csproj", "{9D4A1C57-F5EB-44EF-A022-195A53BBAB53}"
EndProject
Project("{9A19103F-16F7-4668-BE54-9A1E7A4F7556}") = "Solution.BaseNetwork(Server-KlientAppUTP)", "Solution.BaseNetwork(Server-KlientAppUTP)\Solution.BaseNetwork(Server-KlientAppUTP).csproj", "{B1CD059F-67A4-4C65-B258-1437D8A4DD0A}"
EndProject
Project("{2150E333-8FDC-42A3-9474-1A3956D46DE8}") = "Console TCP chat", "Console TCP chat", "{C8406BF9-3165-42D5-A4EF-C188F795C167}"
EndProject
Project("{9A19103F-16F7-4668-BE54-9A1E7A4F7556}") = "TCP_Chat-Server", "TCP_Chat\TCP_Chat-Server.csproj", "{18353FD2-A5A9-47BD-A2B2-56F1C7AC39D9}"
EndProject
Project("{9A19103F-16F7-4668-BE54-9A1E7A4F7556}") = "ChatClient", "ChatClient\ChatClient.csproj", "{03D8B8DA-D598-4913-A1E4-0001DE34EB86}"
EndProject
Project("{2150E333-8FDC-42A3-9474-1A3956D46DE8}") = "ChatUDP-WinForm", "ChatUDP-WinForm", "{D8265440-5697-4E49-9838-B18558267B30}"
EndProject
Project("{FAE04EC0-301F-11D3-BF4B-00C04F79EFBC}") = "UdpChat", "UdpChat\UdpChat.csproj", "{C67E9ADB-B6F5-4C5E-A130-10F894BF11E4}"
EndProject
Project("{9A19103F-16F7-4668-BE54-9A1E7A4F7556}") = "miniUDPchat", "miniUDPchat\miniUDPchat.csproj", "{357B6CA3-0ECF-49DA-9857-4B9341F3B5EB}"
EndProject
Project("{FAE04EC0-301F-11D3-BF4B-00C04F79EFBC}") = "Solution.BaseNetwork(StreamsBinaryData)", "Solution.BaseNetwork(StreamsBinaryData)\Solution.BaseNetwork(StreamsBinaryData).csproj", "{D0A708DD-727F-4101-A02A-CF367C57FFC8}"
EndProject
Project("{FAE04EC0-301F-11D3-BF4B-00C04F79EFBC}") = "Solutiom.BaseNetwork(StreamsBinaryData)Klient", "Solutiom.BaseNetwork(StreamsBinaryData)Klient\Solutiom.BaseNetwork(StreamsBinaryData)Klient.csproj", "{CB37A842-117E-46C9-9555-08D7EB549DB6}"
EndProject
Project("{FAE04EC0-301F-11D3-BF4B-00C04F79EFBC}") = "Solution.BaseNetwork(HttpListener)", "Solution.BaseNetwork(HttpListener)\Solution.BaseNetwork(HttpListener).csproj", "{044E4B52-7E8F-4DD6-AC03-AA2F12D5DA06}"
EndProject
Project("{FAE04EC0-301F-11D3-BF4B-00C04F79EFBC}") = "Solution.BaseNetwork(Send@mail-SmtpClient)", "Solution.BaseNetwork(Send@mail-SmtpClient)\Solution.BaseNetwork(Send@mail-SmtpClient).csproj", "{3C3606FF-F227-434F-AA04-20E7A16961E2}"
EndProject
Project("{FAE04EC0-301F-11D3-BF4B-00C04F79EFBC}") = "Solution.BaseNetwork(FTP)", "Solution.BaseNetwork(FTP)\Solution.BaseNetwork(FTP).csproj", "{9C72ACEB-D4CE-45A0-96E6-04F4D47F2004}"
EndProject
Project("{FAE04EC0-301F-11D3-BF4B-00C04F79EFBC}") = "Solution.Algorithms(FundamentalOfAlgoAndDataStructures)", "Solution.Algorithms(FundamentalOfAlgoAndDataStructures)\Solution.Algorithms(FundamentalOfAlgoAndDataStructures).csproj", "{D160D30A-B894-4C72-9CE5-9BAE960F06AC}"
EndProject
Project("{FAE04EC0-301F-11D3-BF4B-00C04F79EFBC}") = "Solution.ASPnetCore.HelloApp", "Solution.ASPnetCore.HelloApp\Solution.ASPnetCore.HelloApp.csproj", "{F36AE1D6-608C-432C-A13B-D01AB9402C3B}"
EndProject
Global
	GlobalSection(SolutionConfigurationPlatforms) = preSolution
		Debug|Any CPU = Debug|Any CPU
		Release|Any CPU = Release|Any CPU
	EndGlobalSection
	GlobalSection(ProjectConfigurationPlatforms) = postSolution
		{EBF95A2E-B14D-4144-857B-583D97512377}.Debug|Any CPU.ActiveCfg = Debug|Any CPU
		{EBF95A2E-B14D-4144-857B-583D97512377}.Debug|Any CPU.Build.0 = Debug|Any CPU
		{EBF95A2E-B14D-4144-857B-583D97512377}.Release|Any CPU.ActiveCfg = Release|Any CPU
		{EBF95A2E-B14D-4144-857B-583D97512377}.Release|Any CPU.Build.0 = Release|Any CPU
		{A5EB610E-61A8-4C91-A5F0-0CD0C32633B3}.Debug|Any CPU.ActiveCfg = Debug|Any CPU
		{A5EB610E-61A8-4C91-A5F0-0CD0C32633B3}.Debug|Any CPU.Build.0 = Debug|Any CPU
		{A5EB610E-61A8-4C91-A5F0-0CD0C32633B3}.Release|Any CPU.ActiveCfg = Release|Any CPU
		{A5EB610E-61A8-4C91-A5F0-0CD0C32633B3}.Release|Any CPU.Build.0 = Release|Any CPU
		{9FC175EC-E41C-43C5-A2E1-3ED9384C0DD3}.Debug|Any CPU.ActiveCfg = Debug|Any CPU
		{9FC175EC-E41C-43C5-A2E1-3ED9384C0DD3}.Debug|Any CPU.Build.0 = Debug|Any CPU
		{9FC175EC-E41C-43C5-A2E1-3ED9384C0DD3}.Release|Any CPU.ActiveCfg = Release|Any CPU
		{9FC175EC-E41C-43C5-A2E1-3ED9384C0DD3}.Release|Any CPU.Build.0 = Release|Any CPU
		{45EB5662-1002-4B18-8A66-3C5F9D689BA8}.Debug|Any CPU.ActiveCfg = Debug|Any CPU
		{45EB5662-1002-4B18-8A66-3C5F9D689BA8}.Debug|Any CPU.Build.0 = Debug|Any CPU
		{45EB5662-1002-4B18-8A66-3C5F9D689BA8}.Release|Any CPU.ActiveCfg = Release|Any CPU
		{45EB5662-1002-4B18-8A66-3C5F9D689BA8}.Release|Any CPU.Build.0 = Release|Any CPU
		{5148E049-8BBF-4964-8408-05E30ED7C9C3}.Debug|Any CPU.ActiveCfg = Debug|Any CPU
		{5148E049-8BBF-4964-8408-05E30ED7C9C3}.Debug|Any CPU.Build.0 = Debug|Any CPU
		{5148E049-8BBF-4964-8408-05E30ED7C9C3}.Release|Any CPU.ActiveCfg = Release|Any CPU
		{5148E049-8BBF-4964-8408-05E30ED7C9C3}.Release|Any CPU.Build.0 = Release|Any CPU
		{A0805642-4837-4930-AD63-DF5DCA49F679}.Debug|Any CPU.ActiveCfg = Debug|Any CPU
		{A0805642-4837-4930-AD63-DF5DCA49F679}.Debug|Any CPU.Build.0 = Debug|Any CPU
		{A0805642-4837-4930-AD63-DF5DCA49F679}.Release|Any CPU.ActiveCfg = Release|Any CPU
		{A0805642-4837-4930-AD63-DF5DCA49F679}.Release|Any CPU.Build.0 = Release|Any CPU
		{2C2A3656-3101-4186-91E1-04AB6B17012C}.Debug|Any CPU.ActiveCfg = Debug|Any CPU
		{2C2A3656-3101-4186-91E1-04AB6B17012C}.Debug|Any CPU.Build.0 = Debug|Any CPU
		{2C2A3656-3101-4186-91E1-04AB6B17012C}.Release|Any CPU.ActiveCfg = Release|Any CPU
		{2C2A3656-3101-4186-91E1-04AB6B17012C}.Release|Any CPU.Build.0 = Release|Any CPU
		{77B6E095-54F4-40B4-80C0-90776DEC3390}.Debug|Any CPU.ActiveCfg = Debug|Any CPU
		{77B6E095-54F4-40B4-80C0-90776DEC3390}.Debug|Any CPU.Build.0 = Debug|Any CPU
		{77B6E095-54F4-40B4-80C0-90776DEC3390}.Release|Any CPU.ActiveCfg = Release|Any CPU
		{77B6E095-54F4-40B4-80C0-90776DEC3390}.Release|Any CPU.Build.0 = Release|Any CPU
		{F1D8E495-FA96-48E5-BC32-B2BB871961B2}.Debug|Any CPU.ActiveCfg = Debug|Any CPU
		{F1D8E495-FA96-48E5-BC32-B2BB871961B2}.Debug|Any CPU.Build.0 = Debug|Any CPU
		{F1D8E495-FA96-48E5-BC32-B2BB871961B2}.Release|Any CPU.ActiveCfg = Release|Any CPU
		{F1D8E495-FA96-48E5-BC32-B2BB871961B2}.Release|Any CPU.Build.0 = Release|Any CPU
		{FA1DAB0B-9411-45DE-913A-36AD4F0BF121}.Debug|Any CPU.ActiveCfg = Debug|Any CPU
		{FA1DAB0B-9411-45DE-913A-36AD4F0BF121}.Debug|Any CPU.Build.0 = Debug|Any CPU
		{FA1DAB0B-9411-45DE-913A-36AD4F0BF121}.Release|Any CPU.ActiveCfg = Release|Any CPU
		{FA1DAB0B-9411-45DE-913A-36AD4F0BF121}.Release|Any CPU.Build.0 = Release|Any CPU
		{8BC94E9A-6928-48C1-8900-53E4DF0F3D94}.Debug|Any CPU.ActiveCfg = Debug|Any CPU
		{8BC94E9A-6928-48C1-8900-53E4DF0F3D94}.Debug|Any CPU.Build.0 = Debug|Any CPU
		{8BC94E9A-6928-48C1-8900-53E4DF0F3D94}.Release|Any CPU.ActiveCfg = Release|Any CPU
		{8BC94E9A-6928-48C1-8900-53E4DF0F3D94}.Release|Any CPU.Build.0 = Release|Any CPU
		{528F1E8B-5465-45D4-B75F-4AE7640E53F9}.Debug|Any CPU.ActiveCfg = Debug|Any CPU
		{528F1E8B-5465-45D4-B75F-4AE7640E53F9}.Debug|Any CPU.Build.0 = Debug|Any CPU
		{528F1E8B-5465-45D4-B75F-4AE7640E53F9}.Release|Any CPU.ActiveCfg = Release|Any CPU
		{528F1E8B-5465-45D4-B75F-4AE7640E53F9}.Release|Any CPU.Build.0 = Release|Any CPU
		{5590B675-0B7E-465E-9E6A-4E1FCD6B8C3A}.Debug|Any CPU.ActiveCfg = Debug|Any CPU
		{5590B675-0B7E-465E-9E6A-4E1FCD6B8C3A}.Debug|Any CPU.Build.0 = Debug|Any CPU
		{5590B675-0B7E-465E-9E6A-4E1FCD6B8C3A}.Release|Any CPU.ActiveCfg = Release|Any CPU
		{5590B675-0B7E-465E-9E6A-4E1FCD6B8C3A}.Release|Any CPU.Build.0 = Release|Any CPU
		{27B0DA32-B6A2-4C8E-9DC1-C51860542E2C}.Debug|Any CPU.ActiveCfg = Debug|Any CPU
		{27B0DA32-B6A2-4C8E-9DC1-C51860542E2C}.Debug|Any CPU.Build.0 = Debug|Any CPU
		{27B0DA32-B6A2-4C8E-9DC1-C51860542E2C}.Release|Any CPU.ActiveCfg = Release|Any CPU
		{27B0DA32-B6A2-4C8E-9DC1-C51860542E2C}.Release|Any CPU.Build.0 = Release|Any CPU
		{12FC7BDE-C4D1-454F-AC1D-49A98BCEFE78}.Debug|Any CPU.ActiveCfg = Debug|Any CPU
		{12FC7BDE-C4D1-454F-AC1D-49A98BCEFE78}.Debug|Any CPU.Build.0 = Debug|Any CPU
		{12FC7BDE-C4D1-454F-AC1D-49A98BCEFE78}.Release|Any CPU.ActiveCfg = Release|Any CPU
		{12FC7BDE-C4D1-454F-AC1D-49A98BCEFE78}.Release|Any CPU.Build.0 = Release|Any CPU
		{0A8143EB-71A5-4A65-85DB-2B5C2094E991}.Debug|Any CPU.ActiveCfg = Debug|Any CPU
		{0A8143EB-71A5-4A65-85DB-2B5C2094E991}.Debug|Any CPU.Build.0 = Debug|Any CPU
		{0A8143EB-71A5-4A65-85DB-2B5C2094E991}.Release|Any CPU.ActiveCfg = Release|Any CPU
		{0A8143EB-71A5-4A65-85DB-2B5C2094E991}.Release|Any CPU.Build.0 = Release|Any CPU
		{6CF05F04-01EC-4C98-B718-81029D5E3B2C}.Debug|Any CPU.ActiveCfg = Debug|Any CPU
		{6CF05F04-01EC-4C98-B718-81029D5E3B2C}.Debug|Any CPU.Build.0 = Debug|Any CPU
		{6CF05F04-01EC-4C98-B718-81029D5E3B2C}.Release|Any CPU.ActiveCfg = Release|Any CPU
		{6CF05F04-01EC-4C98-B718-81029D5E3B2C}.Release|Any CPU.Build.0 = Release|Any CPU
		{172FFFA2-33B5-4ED4-92A0-1122D977320D}.Debug|Any CPU.ActiveCfg = Debug|Any CPU
		{172FFFA2-33B5-4ED4-92A0-1122D977320D}.Debug|Any CPU.Build.0 = Debug|Any CPU
		{172FFFA2-33B5-4ED4-92A0-1122D977320D}.Release|Any CPU.ActiveCfg = Release|Any CPU
		{172FFFA2-33B5-4ED4-92A0-1122D977320D}.Release|Any CPU.Build.0 = Release|Any CPU
		{EDC9A31D-AEA9-4292-8AAF-7963B189298E}.Debug|Any CPU.ActiveCfg = Debug|Any CPU
		{EDC9A31D-AEA9-4292-8AAF-7963B189298E}.Debug|Any CPU.Build.0 = Debug|Any CPU
		{EDC9A31D-AEA9-4292-8AAF-7963B189298E}.Release|Any CPU.ActiveCfg = Release|Any CPU
		{EDC9A31D-AEA9-4292-8AAF-7963B189298E}.Release|Any CPU.Build.0 = Release|Any CPU
		{7854BD79-F245-47DE-A620-0B7BB42FA722}.Debug|Any CPU.ActiveCfg = Debug|Any CPU
		{7854BD79-F245-47DE-A620-0B7BB42FA722}.Debug|Any CPU.Build.0 = Debug|Any CPU
		{7854BD79-F245-47DE-A620-0B7BB42FA722}.Release|Any CPU.ActiveCfg = Release|Any CPU
		{7854BD79-F245-47DE-A620-0B7BB42FA722}.Release|Any CPU.Build.0 = Release|Any CPU
		{30AFD4C4-001C-45E0-A381-5371F13A4F26}.Debug|Any CPU.ActiveCfg = Debug|Any CPU
		{30AFD4C4-001C-45E0-A381-5371F13A4F26}.Debug|Any CPU.Build.0 = Debug|Any CPU
		{30AFD4C4-001C-45E0-A381-5371F13A4F26}.Release|Any CPU.ActiveCfg = Release|Any CPU
		{30AFD4C4-001C-45E0-A381-5371F13A4F26}.Release|Any CPU.Build.0 = Release|Any CPU
		{6024C825-D1BB-4CEF-949E-507EFC13C603}.Debug|Any CPU.ActiveCfg = Debug|Any CPU
		{6024C825-D1BB-4CEF-949E-507EFC13C603}.Debug|Any CPU.Build.0 = Debug|Any CPU
		{6024C825-D1BB-4CEF-949E-507EFC13C603}.Release|Any CPU.ActiveCfg = Release|Any CPU
		{6024C825-D1BB-4CEF-949E-507EFC13C603}.Release|Any CPU.Build.0 = Release|Any CPU
		{C10E97A8-8B5A-4F30-BD94-40EE7AAB9DA7}.Debug|Any CPU.ActiveCfg = Debug|Any CPU
		{C10E97A8-8B5A-4F30-BD94-40EE7AAB9DA7}.Debug|Any CPU.Build.0 = Debug|Any CPU
		{C10E97A8-8B5A-4F30-BD94-40EE7AAB9DA7}.Release|Any CPU.ActiveCfg = Release|Any CPU
		{C10E97A8-8B5A-4F30-BD94-40EE7AAB9DA7}.Release|Any CPU.Build.0 = Release|Any CPU
		{259970AA-75CB-4414-B3EC-E6AAECB196AE}.Debug|Any CPU.ActiveCfg = Debug|Any CPU
		{259970AA-75CB-4414-B3EC-E6AAECB196AE}.Debug|Any CPU.Build.0 = Debug|Any CPU
		{259970AA-75CB-4414-B3EC-E6AAECB196AE}.Release|Any CPU.ActiveCfg = Release|Any CPU
		{259970AA-75CB-4414-B3EC-E6AAECB196AE}.Release|Any CPU.Build.0 = Release|Any CPU
		{7933795E-9557-4530-9365-7D31F055BB33}.Debug|Any CPU.ActiveCfg = Debug|Any CPU
		{7933795E-9557-4530-9365-7D31F055BB33}.Debug|Any CPU.Build.0 = Debug|Any CPU
		{7933795E-9557-4530-9365-7D31F055BB33}.Release|Any CPU.ActiveCfg = Release|Any CPU
		{7933795E-9557-4530-9365-7D31F055BB33}.Release|Any CPU.Build.0 = Release|Any CPU
		{795D9972-A885-4A7E-A50C-6CB4E6CA393A}.Debug|Any CPU.ActiveCfg = Debug|Any CPU
		{795D9972-A885-4A7E-A50C-6CB4E6CA393A}.Debug|Any CPU.Build.0 = Debug|Any CPU
		{795D9972-A885-4A7E-A50C-6CB4E6CA393A}.Release|Any CPU.ActiveCfg = Release|Any CPU
		{795D9972-A885-4A7E-A50C-6CB4E6CA393A}.Release|Any CPU.Build.0 = Release|Any CPU
		{F84FB029-72FF-436B-866F-8247B56984FB}.Debug|Any CPU.ActiveCfg = Debug|Any CPU
		{F84FB029-72FF-436B-866F-8247B56984FB}.Debug|Any CPU.Build.0 = Debug|Any CPU
		{F84FB029-72FF-436B-866F-8247B56984FB}.Release|Any CPU.ActiveCfg = Release|Any CPU
		{F84FB029-72FF-436B-866F-8247B56984FB}.Release|Any CPU.Build.0 = Release|Any CPU
		{34D3B732-FAC4-46D3-852C-1F8319C26F4E}.Debug|Any CPU.ActiveCfg = Debug|Any CPU
		{34D3B732-FAC4-46D3-852C-1F8319C26F4E}.Debug|Any CPU.Build.0 = Debug|Any CPU
		{34D3B732-FAC4-46D3-852C-1F8319C26F4E}.Release|Any CPU.ActiveCfg = Release|Any CPU
		{34D3B732-FAC4-46D3-852C-1F8319C26F4E}.Release|Any CPU.Build.0 = Release|Any CPU
		{908CA4D3-7628-4853-9A98-F4C13F2F3743}.Debug|Any CPU.ActiveCfg = Debug|Any CPU
		{908CA4D3-7628-4853-9A98-F4C13F2F3743}.Debug|Any CPU.Build.0 = Debug|Any CPU
		{908CA4D3-7628-4853-9A98-F4C13F2F3743}.Release|Any CPU.ActiveCfg = Release|Any CPU
		{908CA4D3-7628-4853-9A98-F4C13F2F3743}.Release|Any CPU.Build.0 = Release|Any CPU
		{3E28EA5E-C83E-410A-9540-1AF5A7DA8E28}.Debug|Any CPU.ActiveCfg = Debug|Any CPU
		{3E28EA5E-C83E-410A-9540-1AF5A7DA8E28}.Debug|Any CPU.Build.0 = Debug|Any CPU
		{3E28EA5E-C83E-410A-9540-1AF5A7DA8E28}.Release|Any CPU.ActiveCfg = Release|Any CPU
		{3E28EA5E-C83E-410A-9540-1AF5A7DA8E28}.Release|Any CPU.Build.0 = Release|Any CPU
		{4D3C0814-C315-4829-9D35-10F168992893}.Debug|Any CPU.ActiveCfg = Debug|Any CPU
		{4D3C0814-C315-4829-9D35-10F168992893}.Debug|Any CPU.Build.0 = Debug|Any CPU
		{4D3C0814-C315-4829-9D35-10F168992893}.Release|Any CPU.ActiveCfg = Release|Any CPU
		{4D3C0814-C315-4829-9D35-10F168992893}.Release|Any CPU.Build.0 = Release|Any CPU
		{9B886117-5E8D-404E-AB0A-41C89633AE1C}.Debug|Any CPU.ActiveCfg = Debug|Any CPU
		{9B886117-5E8D-404E-AB0A-41C89633AE1C}.Debug|Any CPU.Build.0 = Debug|Any CPU
		{9B886117-5E8D-404E-AB0A-41C89633AE1C}.Release|Any CPU.ActiveCfg = Release|Any CPU
		{9B886117-5E8D-404E-AB0A-41C89633AE1C}.Release|Any CPU.Build.0 = Release|Any CPU
		{CCA2837D-0DFF-4690-A15F-9B23EA13398B}.Debug|Any CPU.ActiveCfg = Debug|Any CPU
		{CCA2837D-0DFF-4690-A15F-9B23EA13398B}.Debug|Any CPU.Build.0 = Debug|Any CPU
		{CCA2837D-0DFF-4690-A15F-9B23EA13398B}.Release|Any CPU.ActiveCfg = Release|Any CPU
		{CCA2837D-0DFF-4690-A15F-9B23EA13398B}.Release|Any CPU.Build.0 = Release|Any CPU
		{EF9448E7-9610-4164-86A7-DF394D36D86E}.Debug|Any CPU.ActiveCfg = Debug|Any CPU
		{EF9448E7-9610-4164-86A7-DF394D36D86E}.Debug|Any CPU.Build.0 = Debug|Any CPU
		{EF9448E7-9610-4164-86A7-DF394D36D86E}.Release|Any CPU.ActiveCfg = Release|Any CPU
		{EF9448E7-9610-4164-86A7-DF394D36D86E}.Release|Any CPU.Build.0 = Release|Any CPU
		{6F76EEAF-8A25-4F8F-A309-3CA966260A82}.Debug|Any CPU.ActiveCfg = Debug|Any CPU
		{6F76EEAF-8A25-4F8F-A309-3CA966260A82}.Debug|Any CPU.Build.0 = Debug|Any CPU
		{6F76EEAF-8A25-4F8F-A309-3CA966260A82}.Release|Any CPU.ActiveCfg = Release|Any CPU
		{6F76EEAF-8A25-4F8F-A309-3CA966260A82}.Release|Any CPU.Build.0 = Release|Any CPU
		{D4C15CDB-F8C8-40B8-921F-8551C3B7DF3A}.Debug|Any CPU.ActiveCfg = Debug|Any CPU
		{D4C15CDB-F8C8-40B8-921F-8551C3B7DF3A}.Debug|Any CPU.Build.0 = Debug|Any CPU
		{D4C15CDB-F8C8-40B8-921F-8551C3B7DF3A}.Release|Any CPU.ActiveCfg = Release|Any CPU
		{D4C15CDB-F8C8-40B8-921F-8551C3B7DF3A}.Release|Any CPU.Build.0 = Release|Any CPU
		{9D4A1C57-F5EB-44EF-A022-195A53BBAB53}.Debug|Any CPU.ActiveCfg = Debug|Any CPU
		{9D4A1C57-F5EB-44EF-A022-195A53BBAB53}.Debug|Any CPU.Build.0 = Debug|Any CPU
		{9D4A1C57-F5EB-44EF-A022-195A53BBAB53}.Release|Any CPU.ActiveCfg = Release|Any CPU
		{9D4A1C57-F5EB-44EF-A022-195A53BBAB53}.Release|Any CPU.Build.0 = Release|Any CPU
		{B1CD059F-67A4-4C65-B258-1437D8A4DD0A}.Debug|Any CPU.ActiveCfg = Debug|Any CPU
		{B1CD059F-67A4-4C65-B258-1437D8A4DD0A}.Debug|Any CPU.Build.0 = Debug|Any CPU
		{B1CD059F-67A4-4C65-B258-1437D8A4DD0A}.Release|Any CPU.ActiveCfg = Release|Any CPU
		{B1CD059F-67A4-4C65-B258-1437D8A4DD0A}.Release|Any CPU.Build.0 = Release|Any CPU
		{18353FD2-A5A9-47BD-A2B2-56F1C7AC39D9}.Debug|Any CPU.ActiveCfg = Debug|Any CPU
		{18353FD2-A5A9-47BD-A2B2-56F1C7AC39D9}.Debug|Any CPU.Build.0 = Debug|Any CPU
		{18353FD2-A5A9-47BD-A2B2-56F1C7AC39D9}.Release|Any CPU.ActiveCfg = Release|Any CPU
		{18353FD2-A5A9-47BD-A2B2-56F1C7AC39D9}.Release|Any CPU.Build.0 = Release|Any CPU
		{03D8B8DA-D598-4913-A1E4-0001DE34EB86}.Debug|Any CPU.ActiveCfg = Debug|Any CPU
		{03D8B8DA-D598-4913-A1E4-0001DE34EB86}.Debug|Any CPU.Build.0 = Debug|Any CPU
		{03D8B8DA-D598-4913-A1E4-0001DE34EB86}.Release|Any CPU.ActiveCfg = Release|Any CPU
		{03D8B8DA-D598-4913-A1E4-0001DE34EB86}.Release|Any CPU.Build.0 = Release|Any CPU
		{C67E9ADB-B6F5-4C5E-A130-10F894BF11E4}.Debug|Any CPU.ActiveCfg = Debug|Any CPU
		{C67E9ADB-B6F5-4C5E-A130-10F894BF11E4}.Debug|Any CPU.Build.0 = Debug|Any CPU
		{C67E9ADB-B6F5-4C5E-A130-10F894BF11E4}.Release|Any CPU.ActiveCfg = Release|Any CPU
		{C67E9ADB-B6F5-4C5E-A130-10F894BF11E4}.Release|Any CPU.Build.0 = Release|Any CPU
		{357B6CA3-0ECF-49DA-9857-4B9341F3B5EB}.Debug|Any CPU.ActiveCfg = Debug|Any CPU
		{357B6CA3-0ECF-49DA-9857-4B9341F3B5EB}.Debug|Any CPU.Build.0 = Debug|Any CPU
		{357B6CA3-0ECF-49DA-9857-4B9341F3B5EB}.Release|Any CPU.ActiveCfg = Release|Any CPU
		{357B6CA3-0ECF-49DA-9857-4B9341F3B5EB}.Release|Any CPU.Build.0 = Release|Any CPU
		{D0A708DD-727F-4101-A02A-CF367C57FFC8}.Debug|Any CPU.ActiveCfg = Debug|Any CPU
		{D0A708DD-727F-4101-A02A-CF367C57FFC8}.Debug|Any CPU.Build.0 = Debug|Any CPU
		{D0A708DD-727F-4101-A02A-CF367C57FFC8}.Release|Any CPU.ActiveCfg = Release|Any CPU
		{D0A708DD-727F-4101-A02A-CF367C57FFC8}.Release|Any CPU.Build.0 = Release|Any CPU
		{CB37A842-117E-46C9-9555-08D7EB549DB6}.Debug|Any CPU.ActiveCfg = Debug|Any CPU
		{CB37A842-117E-46C9-9555-08D7EB549DB6}.Debug|Any CPU.Build.0 = Debug|Any CPU
		{CB37A842-117E-46C9-9555-08D7EB549DB6}.Release|Any CPU.ActiveCfg = Release|Any CPU
		{CB37A842-117E-46C9-9555-08D7EB549DB6}.Release|Any CPU.Build.0 = Release|Any CPU
		{044E4B52-7E8F-4DD6-AC03-AA2F12D5DA06}.Debug|Any CPU.ActiveCfg = Debug|Any CPU
		{044E4B52-7E8F-4DD6-AC03-AA2F12D5DA06}.Debug|Any CPU.Build.0 = Debug|Any CPU
		{044E4B52-7E8F-4DD6-AC03-AA2F12D5DA06}.Release|Any CPU.ActiveCfg = Release|Any CPU
		{044E4B52-7E8F-4DD6-AC03-AA2F12D5DA06}.Release|Any CPU.Build.0 = Release|Any CPU
		{3C3606FF-F227-434F-AA04-20E7A16961E2}.Debug|Any CPU.ActiveCfg = Debug|Any CPU
		{3C3606FF-F227-434F-AA04-20E7A16961E2}.Debug|Any CPU.Build.0 = Debug|Any CPU
		{3C3606FF-F227-434F-AA04-20E7A16961E2}.Release|Any CPU.ActiveCfg = Release|Any CPU
		{3C3606FF-F227-434F-AA04-20E7A16961E2}.Release|Any CPU.Build.0 = Release|Any CPU
		{9C72ACEB-D4CE-45A0-96E6-04F4D47F2004}.Debug|Any CPU.ActiveCfg = Debug|Any CPU
		{9C72ACEB-D4CE-45A0-96E6-04F4D47F2004}.Debug|Any CPU.Build.0 = Debug|Any CPU
		{9C72ACEB-D4CE-45A0-96E6-04F4D47F2004}.Release|Any CPU.ActiveCfg = Release|Any CPU
		{9C72ACEB-D4CE-45A0-96E6-04F4D47F2004}.Release|Any CPU.Build.0 = Release|Any CPU
		{D160D30A-B894-4C72-9CE5-9BAE960F06AC}.Debug|Any CPU.ActiveCfg = Debug|Any CPU
		{D160D30A-B894-4C72-9CE5-9BAE960F06AC}.Debug|Any CPU.Build.0 = Debug|Any CPU
		{D160D30A-B894-4C72-9CE5-9BAE960F06AC}.Release|Any CPU.ActiveCfg = Release|Any CPU
		{D160D30A-B894-4C72-9CE5-9BAE960F06AC}.Release|Any CPU.Build.0 = Release|Any CPU
		{F36AE1D6-608C-432C-A13B-D01AB9402C3B}.Debug|Any CPU.ActiveCfg = Debug|Any CPU
		{F36AE1D6-608C-432C-A13B-D01AB9402C3B}.Debug|Any CPU.Build.0 = Debug|Any CPU
		{F36AE1D6-608C-432C-A13B-D01AB9402C3B}.Release|Any CPU.ActiveCfg = Release|Any CPU
		{F36AE1D6-608C-432C-A13B-D01AB9402C3B}.Release|Any CPU.Build.0 = Release|Any CPU
	EndGlobalSection
	GlobalSection(SolutionProperties) = preSolution
		HideSolutionNode = FALSE
	EndGlobalSection
	GlobalSection(NestedProjects) = preSolution
		{EBF95A2E-B14D-4144-857B-583D97512377} = {F10949A6-68C2-4C31-9C42-0E673DB69F45}
		{A5EB610E-61A8-4C91-A5F0-0CD0C32633B3} = {F10949A6-68C2-4C31-9C42-0E673DB69F45}
		{9FC175EC-E41C-43C5-A2E1-3ED9384C0DD3} = {F10949A6-68C2-4C31-9C42-0E673DB69F45}
		{270BC4A1-7043-40A4-A816-B4B7BFB08860} = {489C118C-5B3E-4C05-872C-364ADCC3ADA2}
		{45EB5662-1002-4B18-8A66-3C5F9D689BA8} = {270BC4A1-7043-40A4-A816-B4B7BFB08860}
		{5148E049-8BBF-4964-8408-05E30ED7C9C3} = {F10949A6-68C2-4C31-9C42-0E673DB69F45}
		{A0805642-4837-4930-AD63-DF5DCA49F679} = {F10949A6-68C2-4C31-9C42-0E673DB69F45}
		{2C2A3656-3101-4186-91E1-04AB6B17012C} = {F10949A6-68C2-4C31-9C42-0E673DB69F45}
		{77B6E095-54F4-40B4-80C0-90776DEC3390} = {F10949A6-68C2-4C31-9C42-0E673DB69F45}
		{F1D8E495-FA96-48E5-BC32-B2BB871961B2} = {F10949A6-68C2-4C31-9C42-0E673DB69F45}
		{FA1DAB0B-9411-45DE-913A-36AD4F0BF121} = {270BC4A1-7043-40A4-A816-B4B7BFB08860}
		{8BC94E9A-6928-48C1-8900-53E4DF0F3D94} = {F10949A6-68C2-4C31-9C42-0E673DB69F45}
		{528F1E8B-5465-45D4-B75F-4AE7640E53F9} = {F10949A6-68C2-4C31-9C42-0E673DB69F45}
		{5590B675-0B7E-465E-9E6A-4E1FCD6B8C3A} = {F10949A6-68C2-4C31-9C42-0E673DB69F45}
		{27B0DA32-B6A2-4C8E-9DC1-C51860542E2C} = {F10949A6-68C2-4C31-9C42-0E673DB69F45}
		{12FC7BDE-C4D1-454F-AC1D-49A98BCEFE78} = {F10949A6-68C2-4C31-9C42-0E673DB69F45}
		{0A8143EB-71A5-4A65-85DB-2B5C2094E991} = {F10949A6-68C2-4C31-9C42-0E673DB69F45}
		{6CF05F04-01EC-4C98-B718-81029D5E3B2C} = {F10949A6-68C2-4C31-9C42-0E673DB69F45}
		{172FFFA2-33B5-4ED4-92A0-1122D977320D} = {F10949A6-68C2-4C31-9C42-0E673DB69F45}
		{EDC9A31D-AEA9-4292-8AAF-7963B189298E} = {F10949A6-68C2-4C31-9C42-0E673DB69F45}
		{F10949A6-68C2-4C31-9C42-0E673DB69F45} = {489C118C-5B3E-4C05-872C-364ADCC3ADA2}
		{7854BD79-F245-47DE-A620-0B7BB42FA722} = {F10949A6-68C2-4C31-9C42-0E673DB69F45}
		{30AFD4C4-001C-45E0-A381-5371F13A4F26} = {F10949A6-68C2-4C31-9C42-0E673DB69F45}
		{6024C825-D1BB-4CEF-949E-507EFC13C603} = {270BC4A1-7043-40A4-A816-B4B7BFB08860}
		{C10E97A8-8B5A-4F30-BD94-40EE7AAB9DA7} = {F10949A6-68C2-4C31-9C42-0E673DB69F45}
		{259970AA-75CB-4414-B3EC-E6AAECB196AE} = {F10949A6-68C2-4C31-9C42-0E673DB69F45}
		{7933795E-9557-4530-9365-7D31F055BB33} = {F10949A6-68C2-4C31-9C42-0E673DB69F45}
		{795D9972-A885-4A7E-A50C-6CB4E6CA393A} = {F10949A6-68C2-4C31-9C42-0E673DB69F45}
		{F84FB029-72FF-436B-866F-8247B56984FB} = {F10949A6-68C2-4C31-9C42-0E673DB69F45}
		{34D3B732-FAC4-46D3-852C-1F8319C26F4E} = {F10949A6-68C2-4C31-9C42-0E673DB69F45}
		{908CA4D3-7628-4853-9A98-F4C13F2F3743} = {F10949A6-68C2-4C31-9C42-0E673DB69F45}
		{3E28EA5E-C83E-410A-9540-1AF5A7DA8E28} = {F10949A6-68C2-4C31-9C42-0E673DB69F45}
		{4D3C0814-C315-4829-9D35-10F168992893} = {F10949A6-68C2-4C31-9C42-0E673DB69F45}
		{9B886117-5E8D-404E-AB0A-41C89633AE1C} = {F10949A6-68C2-4C31-9C42-0E673DB69F45}
		{CCA2837D-0DFF-4690-A15F-9B23EA13398B} = {F10949A6-68C2-4C31-9C42-0E673DB69F45}
		{E92C3775-2B30-407A-86B0-C2122A02A47C} = {489C118C-5B3E-4C05-872C-364ADCC3ADA2}
		{32E60B9C-E6E0-494C-8A9E-EA70037AA170} = {489C118C-5B3E-4C05-872C-364ADCC3ADA2}
		{A981DBD4-1B90-4B70-816D-5002655CFE44} = {033657BF-DBF3-43EC-A297-9549C5A962D6}
		{47F0E9BF-940D-4501-9B14-7294E3EC91CD} = {033657BF-DBF3-43EC-A297-9549C5A962D6}
		{D5B1DA1B-1F61-4A75-BD88-03065EB0BBC2} = {033657BF-DBF3-43EC-A297-9549C5A962D6}
		{C9EC9275-03DC-423E-915E-196AB66ABFB3} = {976774FF-6B8D-4AA4-950D-6096F817B9F6}
		{ECC16426-BF5A-4BF5-A711-99DEA77ECA36} = {976774FF-6B8D-4AA4-950D-6096F817B9F6}
		{EF9448E7-9610-4164-86A7-DF394D36D86E} = {E92C3775-2B30-407A-86B0-C2122A02A47C}
		{6F76EEAF-8A25-4F8F-A309-3CA966260A82} = {E92C3775-2B30-407A-86B0-C2122A02A47C}
		{D4C15CDB-F8C8-40B8-921F-8551C3B7DF3A} = {E92C3775-2B30-407A-86B0-C2122A02A47C}
		{9D4A1C57-F5EB-44EF-A022-195A53BBAB53} = {E92C3775-2B30-407A-86B0-C2122A02A47C}
		{B1CD059F-67A4-4C65-B258-1437D8A4DD0A} = {E92C3775-2B30-407A-86B0-C2122A02A47C}
		{C8406BF9-3165-42D5-A4EF-C188F795C167} = {E92C3775-2B30-407A-86B0-C2122A02A47C}
		{18353FD2-A5A9-47BD-A2B2-56F1C7AC39D9} = {C8406BF9-3165-42D5-A4EF-C188F795C167}
		{03D8B8DA-D598-4913-A1E4-0001DE34EB86} = {C8406BF9-3165-42D5-A4EF-C188F795C167}
		{D8265440-5697-4E49-9838-B18558267B30} = {E92C3775-2B30-407A-86B0-C2122A02A47C}
		{C67E9ADB-B6F5-4C5E-A130-10F894BF11E4} = {D8265440-5697-4E49-9838-B18558267B30}
		{357B6CA3-0ECF-49DA-9857-4B9341F3B5EB} = {E92C3775-2B30-407A-86B0-C2122A02A47C}
		{D0A708DD-727F-4101-A02A-CF367C57FFC8} = {E92C3775-2B30-407A-86B0-C2122A02A47C}
		{CB37A842-117E-46C9-9555-08D7EB549DB6} = {E92C3775-2B30-407A-86B0-C2122A02A47C}
		{044E4B52-7E8F-4DD6-AC03-AA2F12D5DA06} = {E92C3775-2B30-407A-86B0-C2122A02A47C}
		{3C3606FF-F227-434F-AA04-20E7A16961E2} = {E92C3775-2B30-407A-86B0-C2122A02A47C}
		{9C72ACEB-D4CE-45A0-96E6-04F4D47F2004} = {E92C3775-2B30-407A-86B0-C2122A02A47C}
		{D160D30A-B894-4C72-9CE5-9BAE960F06AC} = {32E60B9C-E6E0-494C-8A9E-EA70037AA170}
		{F36AE1D6-608C-432C-A13B-D01AB9402C3B} = {A981DBD4-1B90-4B70-816D-5002655CFE44}
	EndGlobalSection
	GlobalSection(ExtensibilityGlobals) = postSolution
		SolutionGuid = {1083A2E2-50AC-4338-B7AD-938DFFB4685B}
	EndGlobalSection
EndGlobal
