
Microsoft Visual Studio Solution File, Format Version 12.00
# Visual Studio Version 17
VisualStudioVersion = 17.1.32319.34
MinimumVisualStudioVersion = 10.0.40219.1
Project("{9A19103F-16F7-4668-BE54-9A1E7A4F7556}") = "Solution.Capture1", "Solution.Capture1\Solution.Capture1.csproj", "{EBF95A2E-B14D-4144-857B-583D97512377}"
EndProject
Project("{9A19103F-16F7-4668-BE54-9A1E7A4F7556}") = "Solution.Capture2", "Solution.Capture2\Solution.Capture2.csproj", "{A5EB610E-61A8-4C91-A5F0-0CD0C32633B3}"
	ProjectSection(ProjectDependencies) = postProject
		{EBF95A2E-B14D-4144-857B-583D97512377} = {EBF95A2E-B14D-4144-857B-583D97512377}
	EndProjectSection
EndProject
Project("{9A19103F-16F7-4668-BE54-9A1E7A4F7556}") = "Solution.Capture3", "Solution.Capture3\Solution.Capture3.csproj", "{9FC175EC-E41C-43C5-A2E1-3ED9384C0DD3}"
	ProjectSection(ProjectDependencies) = postProject
		{A5EB610E-61A8-4C91-A5F0-0CD0C32633B3} = {A5EB610E-61A8-4C91-A5F0-0CD0C32633B3}
		{EBF95A2E-B14D-4144-857B-583D97512377} = {EBF95A2E-B14D-4144-857B-583D97512377}
	EndProjectSection
EndProject
Project("{2150E333-8FDC-42A3-9474-1A3956D46DE8}") = "Solution Items", "Solution Items", "{270BC4A1-7043-40A4-A816-B4B7BFB08860}"
	ProjectSection(SolutionItems) = preProject
		.editorconfig = .editorconfig
	EndProjectSection
EndProject
Project("{9A19103F-16F7-4668-BE54-9A1E7A4F7556}") = "OlolLybrary", "OlolLybrary\OlolLybrary.csproj", "{45EB5662-1002-4B18-8A66-3C5F9D689BA8}"
EndProject
Project("{9A19103F-16F7-4668-BE54-9A1E7A4F7556}") = "Solution.Capture4", "Solution.Capture4\Solution.Capture4.csproj", "{5148E049-8BBF-4964-8408-05E30ED7C9C3}"
EndProject
Project("{9A19103F-16F7-4668-BE54-9A1E7A4F7556}") = "Solution.Capture5", "Solution.Capture5\Solution.Capture5.csproj", "{A0805642-4837-4930-AD63-DF5DCA49F679}"
EndProject
Project("{9A19103F-16F7-4668-BE54-9A1E7A4F7556}") = "Solution.Capture6", "Solution.Capture6\Solution.Capture6.csproj", "{2C2A3656-3101-4186-91E1-04AB6B17012C}"
EndProject
Project("{9A19103F-16F7-4668-BE54-9A1E7A4F7556}") = "Solution.Capture7", "Solution.Capture7\Solution.Capture7.csproj", "{77B6E095-54F4-40B4-80C0-90776DEC3390}"
EndProject
Project("{9A19103F-16F7-4668-BE54-9A1E7A4F7556}") = "Solution.Capture8", "Solution.Capture8\Solution.Capture8.csproj", "{F1D8E495-FA96-48E5-BC32-B2BB871961B2}"
EndProject
Project("{9A19103F-16F7-4668-BE54-9A1E7A4F7556}") = "SiteLibrary", "BankLibrary\SiteLibrary.csproj", "{FA1DAB0B-9411-45DE-913A-36AD4F0BF121}"
EndProject
Project("{9A19103F-16F7-4668-BE54-9A1E7A4F7556}") = "Solution.Capture9", "Solution.Capture9\Solution.Capture9.csproj", "{8BC94E9A-6928-48C1-8900-53E4DF0F3D94}"
EndProject
Project("{9A19103F-16F7-4668-BE54-9A1E7A4F7556}") = "Solution.Capture10", "Solution.Capture10\Solution.Capture10.csproj", "{528F1E8B-5465-45D4-B75F-4AE7640E53F9}"
EndProject
Project("{9A19103F-16F7-4668-BE54-9A1E7A4F7556}") = "Solution.Capture11", "Solution.Capture11\Solution.Capture11.csproj", "{5590B675-0B7E-465E-9E6A-4E1FCD6B8C3A}"
EndProject
Project("{FAE04EC0-301F-11D3-BF4B-00C04F79EFBC}") = "Solution.Capture12", "Solution.Capture12\Solution.Capture12.csproj", "{27B0DA32-B6A2-4C8E-9DC1-C51860542E2C}"
EndProject
Project("{FAE04EC0-301F-11D3-BF4B-00C04F79EFBC}") = "Solution.Capture13(multithreading)", "Solution.Capture13(multithreading)\Solution.Capture13(multithreading).csproj", "{12FC7BDE-C4D1-454F-AC1D-49A98BCEFE78}"
EndProject
Project("{FAE04EC0-301F-11D3-BF4B-00C04F79EFBC}") = "Solution.Capture13(semaphore)", "Solution.Capture13(semaphore)\Solution.Capture13(semaphore).csproj", "{0A8143EB-71A5-4A65-85DB-2B5C2094E991}"
EndProject
Project("{FAE04EC0-301F-11D3-BF4B-00C04F79EFBC}") = "Solution.Capture14(ParallelProgrammingTPL)", "Solution.Capture14(ParallelProgrammingTPL)\Solution.Capture14(ParallelProgrammingTPL).csproj", "{6CF05F04-01EC-4C98-B718-81029D5E3B2C}"
EndProject
Project("{FAE04EC0-301F-11D3-BF4B-00C04F79EFBC}") = "Solution.Capture15(asyncProgramming)", "Solution.Capture15(asyncProgramming)\Solution.Capture15(asyncProgramming).csproj", "{172FFFA2-33B5-4ED4-92A0-1122D977320D}"
EndProject
Project("{FAE04EC0-301F-11D3-BF4B-00C04F79EFBC}") = "Solution.Capture16(LINQ)", "Solution.Capture16(LINQ)\Solution.Capture16(LINQ).csproj", "{EDC9A31D-AEA9-4292-8AAF-7963B189298E}"
EndProject
Project("{2150E333-8FDC-42A3-9474-1A3956D46DE8}") = "Learning", "Learning", "{F10949A6-68C2-4C31-9C42-0E673DB69F45}"
	ProjectSection(SolutionItems) = preProject
		.editorconfig = .editorconfig
	EndProjectSection
EndProject
Project("{9A19103F-16F7-4668-BE54-9A1E7A4F7556}") = "Solution.Capture17(Parallel Linq)", "Solution.Capture17(Parallel Linq)\Solution.Capture17(Parallel Linq).csproj", "{7854BD79-F245-47DE-A620-0B7BB42FA722}"
EndProject
Project("{9A19103F-16F7-4668-BE54-9A1E7A4F7556}") = "Solution.Capture18(Reflection)", "Solution.Capture18(Reflection)\Solution.Capture18(Reflection).csproj", "{30AFD4C4-001C-45E0-A381-5371F13A4F26}"
EndProject
Project("{9A19103F-16F7-4668-BE54-9A1E7A4F7556}") = "Test", "..\..\Test\Test\Test.csproj", "{6024C825-D1BB-4CEF-949E-507EFC13C603}"
EndProject
Project("{9A19103F-16F7-4668-BE54-9A1E7A4F7556}") = "Solution.Capture20(Dinamic_DLR)", "Solution.Capture20(Dinamic_DLR)\Solution.Capture20(Dinamic_DLR).csproj", "{C10E97A8-8B5A-4F30-BD94-40EE7AAB9DA7}"
EndProject
Project("{FAE04EC0-301F-11D3-BF4B-00C04F79EFBC}") = "Solution.Capure19", "Solution.Capure19\Solution.Capure19.csproj", "{259970AA-75CB-4414-B3EC-E6AAECB196AE}"
EndProject
Global
	GlobalSection(SolutionConfigurationPlatforms) = preSolution
		Debug|Any CPU = Debug|Any CPU
		Release|Any CPU = Release|Any CPU
	EndGlobalSection
	GlobalSection(ProjectConfigurationPlatforms) = postSolution
		{EBF95A2E-B14D-4144-857B-583D97512377}.Debug|Any CPU.ActiveCfg = Debug|Any CPU
		{EBF95A2E-B14D-4144-857B-583D97512377}.Debug|Any CPU.Build.0 = Debug|Any CPU
		{EBF95A2E-B14D-4144-857B-583D97512377}.Release|Any CPU.ActiveCfg = Release|Any CPU
		{EBF95A2E-B14D-4144-857B-583D97512377}.Release|Any CPU.Build.0 = Release|Any CPU
		{A5EB610E-61A8-4C91-A5F0-0CD0C32633B3}.Debug|Any CPU.ActiveCfg = Debug|Any CPU
		{A5EB610E-61A8-4C91-A5F0-0CD0C32633B3}.Debug|Any CPU.Build.0 = Debug|Any CPU
		{A5EB610E-61A8-4C91-A5F0-0CD0C32633B3}.Release|Any CPU.ActiveCfg = Release|Any CPU
		{A5EB610E-61A8-4C91-A5F0-0CD0C32633B3}.Release|Any CPU.Build.0 = Release|Any CPU
		{9FC175EC-E41C-43C5-A2E1-3ED9384C0DD3}.Debug|Any CPU.ActiveCfg = Debug|Any CPU
		{9FC175EC-E41C-43C5-A2E1-3ED9384C0DD3}.Debug|Any CPU.Build.0 = Debug|Any CPU
		{9FC175EC-E41C-43C5-A2E1-3ED9384C0DD3}.Release|Any CPU.ActiveCfg = Release|Any CPU
		{9FC175EC-E41C-43C5-A2E1-3ED9384C0DD3}.Release|Any CPU.Build.0 = Release|Any CPU
		{45EB5662-1002-4B18-8A66-3C5F9D689BA8}.Debug|Any CPU.ActiveCfg = Debug|Any CPU
		{45EB5662-1002-4B18-8A66-3C5F9D689BA8}.Debug|Any CPU.Build.0 = Debug|Any CPU
		{45EB5662-1002-4B18-8A66-3C5F9D689BA8}.Release|Any CPU.ActiveCfg = Release|Any CPU
		{45EB5662-1002-4B18-8A66-3C5F9D689BA8}.Release|Any CPU.Build.0 = Release|Any CPU
		{5148E049-8BBF-4964-8408-05E30ED7C9C3}.Debug|Any CPU.ActiveCfg = Debug|Any CPU
		{5148E049-8BBF-4964-8408-05E30ED7C9C3}.Debug|Any CPU.Build.0 = Debug|Any CPU
		{5148E049-8BBF-4964-8408-05E30ED7C9C3}.Release|Any CPU.ActiveCfg = Release|Any CPU
		{5148E049-8BBF-4964-8408-05E30ED7C9C3}.Release|Any CPU.Build.0 = Release|Any CPU
		{A0805642-4837-4930-AD63-DF5DCA49F679}.Debug|Any CPU.ActiveCfg = Debug|Any CPU
		{A0805642-4837-4930-AD63-DF5DCA49F679}.Debug|Any CPU.Build.0 = Debug|Any CPU
		{A0805642-4837-4930-AD63-DF5DCA49F679}.Release|Any CPU.ActiveCfg = Release|Any CPU
		{A0805642-4837-4930-AD63-DF5DCA49F679}.Release|Any CPU.Build.0 = Release|Any CPU
		{2C2A3656-3101-4186-91E1-04AB6B17012C}.Debug|Any CPU.ActiveCfg = Debug|Any CPU
		{2C2A3656-3101-4186-91E1-04AB6B17012C}.Debug|Any CPU.Build.0 = Debug|Any CPU
		{2C2A3656-3101-4186-91E1-04AB6B17012C}.Release|Any CPU.ActiveCfg = Release|Any CPU
		{2C2A3656-3101-4186-91E1-04AB6B17012C}.Release|Any CPU.Build.0 = Release|Any CPU
		{77B6E095-54F4-40B4-80C0-90776DEC3390}.Debug|Any CPU.ActiveCfg = Debug|Any CPU
		{77B6E095-54F4-40B4-80C0-90776DEC3390}.Debug|Any CPU.Build.0 = Debug|Any CPU
		{77B6E095-54F4-40B4-80C0-90776DEC3390}.Release|Any CPU.ActiveCfg = Release|Any CPU
		{77B6E095-54F4-40B4-80C0-90776DEC3390}.Release|Any CPU.Build.0 = Release|Any CPU
		{F1D8E495-FA96-48E5-BC32-B2BB871961B2}.Debug|Any CPU.ActiveCfg = Debug|Any CPU
		{F1D8E495-FA96-48E5-BC32-B2BB871961B2}.Debug|Any CPU.Build.0 = Debug|Any CPU
		{F1D8E495-FA96-48E5-BC32-B2BB871961B2}.Release|Any CPU.ActiveCfg = Release|Any CPU
		{F1D8E495-FA96-48E5-BC32-B2BB871961B2}.Release|Any CPU.Build.0 = Release|Any CPU
		{FA1DAB0B-9411-45DE-913A-36AD4F0BF121}.Debug|Any CPU.ActiveCfg = Debug|Any CPU
		{FA1DAB0B-9411-45DE-913A-36AD4F0BF121}.Debug|Any CPU.Build.0 = Debug|Any CPU
		{FA1DAB0B-9411-45DE-913A-36AD4F0BF121}.Release|Any CPU.ActiveCfg = Release|Any CPU
		{FA1DAB0B-9411-45DE-913A-36AD4F0BF121}.Release|Any CPU.Build.0 = Release|Any CPU
		{8BC94E9A-6928-48C1-8900-53E4DF0F3D94}.Debug|Any CPU.ActiveCfg = Debug|Any CPU
		{8BC94E9A-6928-48C1-8900-53E4DF0F3D94}.Debug|Any CPU.Build.0 = Debug|Any CPU
		{8BC94E9A-6928-48C1-8900-53E4DF0F3D94}.Release|Any CPU.ActiveCfg = Release|Any CPU
		{8BC94E9A-6928-48C1-8900-53E4DF0F3D94}.Release|Any CPU.Build.0 = Release|Any CPU
		{528F1E8B-5465-45D4-B75F-4AE7640E53F9}.Debug|Any CPU.ActiveCfg = Debug|Any CPU
		{528F1E8B-5465-45D4-B75F-4AE7640E53F9}.Debug|Any CPU.Build.0 = Debug|Any CPU
		{528F1E8B-5465-45D4-B75F-4AE7640E53F9}.Release|Any CPU.ActiveCfg = Release|Any CPU
		{528F1E8B-5465-45D4-B75F-4AE7640E53F9}.Release|Any CPU.Build.0 = Release|Any CPU
		{5590B675-0B7E-465E-9E6A-4E1FCD6B8C3A}.Debug|Any CPU.ActiveCfg = Debug|Any CPU
		{5590B675-0B7E-465E-9E6A-4E1FCD6B8C3A}.Debug|Any CPU.Build.0 = Debug|Any CPU
		{5590B675-0B7E-465E-9E6A-4E1FCD6B8C3A}.Release|Any CPU.ActiveCfg = Release|Any CPU
		{5590B675-0B7E-465E-9E6A-4E1FCD6B8C3A}.Release|Any CPU.Build.0 = Release|Any CPU
		{27B0DA32-B6A2-4C8E-9DC1-C51860542E2C}.Debug|Any CPU.ActiveCfg = Debug|Any CPU
		{27B0DA32-B6A2-4C8E-9DC1-C51860542E2C}.Debug|Any CPU.Build.0 = Debug|Any CPU
		{27B0DA32-B6A2-4C8E-9DC1-C51860542E2C}.Release|Any CPU.ActiveCfg = Release|Any CPU
		{27B0DA32-B6A2-4C8E-9DC1-C51860542E2C}.Release|Any CPU.Build.0 = Release|Any CPU
		{12FC7BDE-C4D1-454F-AC1D-49A98BCEFE78}.Debug|Any CPU.ActiveCfg = Debug|Any CPU
		{12FC7BDE-C4D1-454F-AC1D-49A98BCEFE78}.Debug|Any CPU.Build.0 = Debug|Any CPU
		{12FC7BDE-C4D1-454F-AC1D-49A98BCEFE78}.Release|Any CPU.ActiveCfg = Release|Any CPU
		{12FC7BDE-C4D1-454F-AC1D-49A98BCEFE78}.Release|Any CPU.Build.0 = Release|Any CPU
		{0A8143EB-71A5-4A65-85DB-2B5C2094E991}.Debug|Any CPU.ActiveCfg = Debug|Any CPU
		{0A8143EB-71A5-4A65-85DB-2B5C2094E991}.Debug|Any CPU.Build.0 = Debug|Any CPU
		{0A8143EB-71A5-4A65-85DB-2B5C2094E991}.Release|Any CPU.ActiveCfg = Release|Any CPU
		{0A8143EB-71A5-4A65-85DB-2B5C2094E991}.Release|Any CPU.Build.0 = Release|Any CPU
		{6CF05F04-01EC-4C98-B718-81029D5E3B2C}.Debug|Any CPU.ActiveCfg = Debug|Any CPU
		{6CF05F04-01EC-4C98-B718-81029D5E3B2C}.Debug|Any CPU.Build.0 = Debug|Any CPU
		{6CF05F04-01EC-4C98-B718-81029D5E3B2C}.Release|Any CPU.ActiveCfg = Release|Any CPU
		{6CF05F04-01EC-4C98-B718-81029D5E3B2C}.Release|Any CPU.Build.0 = Release|Any CPU
		{172FFFA2-33B5-4ED4-92A0-1122D977320D}.Debug|Any CPU.ActiveCfg = Debug|Any CPU
		{172FFFA2-33B5-4ED4-92A0-1122D977320D}.Debug|Any CPU.Build.0 = Debug|Any CPU
		{172FFFA2-33B5-4ED4-92A0-1122D977320D}.Release|Any CPU.ActiveCfg = Release|Any CPU
		{172FFFA2-33B5-4ED4-92A0-1122D977320D}.Release|Any CPU.Build.0 = Release|Any CPU
		{EDC9A31D-AEA9-4292-8AAF-7963B189298E}.Debug|Any CPU.ActiveCfg = Debug|Any CPU
		{EDC9A31D-AEA9-4292-8AAF-7963B189298E}.Debug|Any CPU.Build.0 = Debug|Any CPU
		{EDC9A31D-AEA9-4292-8AAF-7963B189298E}.Release|Any CPU.ActiveCfg = Release|Any CPU
		{EDC9A31D-AEA9-4292-8AAF-7963B189298E}.Release|Any CPU.Build.0 = Release|Any CPU
		{7854BD79-F245-47DE-A620-0B7BB42FA722}.Debug|Any CPU.ActiveCfg = Debug|Any CPU
		{7854BD79-F245-47DE-A620-0B7BB42FA722}.Debug|Any CPU.Build.0 = Debug|Any CPU
		{7854BD79-F245-47DE-A620-0B7BB42FA722}.Release|Any CPU.ActiveCfg = Release|Any CPU
		{7854BD79-F245-47DE-A620-0B7BB42FA722}.Release|Any CPU.Build.0 = Release|Any CPU
		{30AFD4C4-001C-45E0-A381-5371F13A4F26}.Debug|Any CPU.ActiveCfg = Debug|Any CPU
		{30AFD4C4-001C-45E0-A381-5371F13A4F26}.Debug|Any CPU.Build.0 = Debug|Any CPU
		{30AFD4C4-001C-45E0-A381-5371F13A4F26}.Release|Any CPU.ActiveCfg = Release|Any CPU
		{30AFD4C4-001C-45E0-A381-5371F13A4F26}.Release|Any CPU.Build.0 = Release|Any CPU
		{6024C825-D1BB-4CEF-949E-507EFC13C603}.Debug|Any CPU.ActiveCfg = Debug|Any CPU
		{6024C825-D1BB-4CEF-949E-507EFC13C603}.Debug|Any CPU.Build.0 = Debug|Any CPU
		{6024C825-D1BB-4CEF-949E-507EFC13C603}.Release|Any CPU.ActiveCfg = Release|Any CPU
		{6024C825-D1BB-4CEF-949E-507EFC13C603}.Release|Any CPU.Build.0 = Release|Any CPU
		{C10E97A8-8B5A-4F30-BD94-40EE7AAB9DA7}.Debug|Any CPU.ActiveCfg = Debug|Any CPU
		{C10E97A8-8B5A-4F30-BD94-40EE7AAB9DA7}.Debug|Any CPU.Build.0 = Debug|Any CPU
		{C10E97A8-8B5A-4F30-BD94-40EE7AAB9DA7}.Release|Any CPU.ActiveCfg = Release|Any CPU
		{C10E97A8-8B5A-4F30-BD94-40EE7AAB9DA7}.Release|Any CPU.Build.0 = Release|Any CPU
		{259970AA-75CB-4414-B3EC-E6AAECB196AE}.Debug|Any CPU.ActiveCfg = Debug|Any CPU
		{259970AA-75CB-4414-B3EC-E6AAECB196AE}.Debug|Any CPU.Build.0 = Debug|Any CPU
		{259970AA-75CB-4414-B3EC-E6AAECB196AE}.Release|Any CPU.ActiveCfg = Release|Any CPU
		{259970AA-75CB-4414-B3EC-E6AAECB196AE}.Release|Any CPU.Build.0 = Release|Any CPU
	EndGlobalSection
	GlobalSection(SolutionProperties) = preSolution
		HideSolutionNode = FALSE
	EndGlobalSection
	GlobalSection(NestedProjects) = preSolution
		{EBF95A2E-B14D-4144-857B-583D97512377} = {F10949A6-68C2-4C31-9C42-0E673DB69F45}
		{A5EB610E-61A8-4C91-A5F0-0CD0C32633B3} = {F10949A6-68C2-4C31-9C42-0E673DB69F45}
		{9FC175EC-E41C-43C5-A2E1-3ED9384C0DD3} = {F10949A6-68C2-4C31-9C42-0E673DB69F45}
		{45EB5662-1002-4B18-8A66-3C5F9D689BA8} = {270BC4A1-7043-40A4-A816-B4B7BFB08860}
		{5148E049-8BBF-4964-8408-05E30ED7C9C3} = {F10949A6-68C2-4C31-9C42-0E673DB69F45}
		{A0805642-4837-4930-AD63-DF5DCA49F679} = {F10949A6-68C2-4C31-9C42-0E673DB69F45}
		{2C2A3656-3101-4186-91E1-04AB6B17012C} = {F10949A6-68C2-4C31-9C42-0E673DB69F45}
		{77B6E095-54F4-40B4-80C0-90776DEC3390} = {F10949A6-68C2-4C31-9C42-0E673DB69F45}
		{F1D8E495-FA96-48E5-BC32-B2BB871961B2} = {F10949A6-68C2-4C31-9C42-0E673DB69F45}
		{FA1DAB0B-9411-45DE-913A-36AD4F0BF121} = {270BC4A1-7043-40A4-A816-B4B7BFB08860}
		{8BC94E9A-6928-48C1-8900-53E4DF0F3D94} = {F10949A6-68C2-4C31-9C42-0E673DB69F45}
		{528F1E8B-5465-45D4-B75F-4AE7640E53F9} = {F10949A6-68C2-4C31-9C42-0E673DB69F45}
		{5590B675-0B7E-465E-9E6A-4E1FCD6B8C3A} = {F10949A6-68C2-4C31-9C42-0E673DB69F45}
		{27B0DA32-B6A2-4C8E-9DC1-C51860542E2C} = {F10949A6-68C2-4C31-9C42-0E673DB69F45}
		{12FC7BDE-C4D1-454F-AC1D-49A98BCEFE78} = {F10949A6-68C2-4C31-9C42-0E673DB69F45}
		{0A8143EB-71A5-4A65-85DB-2B5C2094E991} = {F10949A6-68C2-4C31-9C42-0E673DB69F45}
		{6CF05F04-01EC-4C98-B718-81029D5E3B2C} = {F10949A6-68C2-4C31-9C42-0E673DB69F45}
		{172FFFA2-33B5-4ED4-92A0-1122D977320D} = {F10949A6-68C2-4C31-9C42-0E673DB69F45}
		{EDC9A31D-AEA9-4292-8AAF-7963B189298E} = {F10949A6-68C2-4C31-9C42-0E673DB69F45}
		{7854BD79-F245-47DE-A620-0B7BB42FA722} = {F10949A6-68C2-4C31-9C42-0E673DB69F45}
		{30AFD4C4-001C-45E0-A381-5371F13A4F26} = {F10949A6-68C2-4C31-9C42-0E673DB69F45}
		{6024C825-D1BB-4CEF-949E-507EFC13C603} = {270BC4A1-7043-40A4-A816-B4B7BFB08860}
		{259970AA-75CB-4414-B3EC-E6AAECB196AE} = {F10949A6-68C2-4C31-9C42-0E673DB69F45}
	EndGlobalSection
	GlobalSection(ExtensibilityGlobals) = postSolution
		SolutionGuid = {1083A2E2-50AC-4338-B7AD-938DFFB4685B}
	EndGlobalSection
EndGlobal
