
Microsoft Visual Studio Solution File, Format Version 12.00
# Visual Studio Version 17
VisualStudioVersion = 17.2.32317.152
MinimumVisualStudioVersion = 10.0.40219.1
Project("{FAE04EC0-301F-11D3-BF4B-00C04F79EFBC}") = "Solution.Capture16(Linq)", "Solution.Capture16(Linq)\Solution.Capture16(Linq).csproj", "{BDA745ED-5F47-4B56-B98C-007260A20BA9}"
EndProject
Global
	GlobalSection(SolutionConfigurationPlatforms) = preSolution
		Debug|Any CPU = Debug|Any CPU
		Release|Any CPU = Release|Any CPU
	EndGlobalSection
	GlobalSection(ProjectConfigurationPlatforms) = postSolution
		{BDA745ED-5F47-4B56-B98C-007260A20BA9}.Debug|Any CPU.ActiveCfg = Debug|Any CPU
		{BDA745ED-5F47-4B56-B98C-007260A20BA9}.Debug|Any CPU.Build.0 = Debug|Any CPU
		{BDA745ED-5F47-4B56-B98C-007260A20BA9}.Release|Any CPU.ActiveCfg = Release|Any CPU
		{BDA745ED-5F47-4B56-B98C-007260A20BA9}.Release|Any CPU.Build.0 = Release|Any CPU
	EndGlobalSection
	GlobalSection(SolutionProperties) = preSolution
		HideSolutionNode = FALSE
	EndGlobalSection
	GlobalSection(ExtensibilityGlobals) = postSolution
		SolutionGuid = {A26FDAAD-816C-4FC5-A0F4-C340FF09E25F}
	EndGlobalSection
EndGlobal
